
Microsoft Visual Studio Solution File, Format Version 12.00
# Visual Studio Version 17
VisualStudioVersion = 17.9.34723.18
MinimumVisualStudioVersion = 10.0.40219.1
Project("{FAE04EC0-301F-11D3-BF4B-00C04F79EFBC}") = "Write your first code", "Write your first code\Write your first code.csproj", "{9D038894-AB36-4A0B-9A33-567A95F51286}"
EndProject
Global
	GlobalSection(SolutionConfigurationPlatforms) = preSolution
		Debug|Any CPU = Debug|Any CPU
		Release|Any CPU = Release|Any CPU
	EndGlobalSection
	GlobalSection(ProjectConfigurationPlatforms) = postSolution
		{9D038894-AB36-4A0B-9A33-567A95F51286}.Debug|Any CPU.ActiveCfg = Debug|Any CPU
		{9D038894-AB36-4A0B-9A33-567A95F51286}.Debug|Any CPU.Build.0 = Debug|Any CPU
		{9D038894-AB36-4A0B-9A33-567A95F51286}.Release|Any CPU.ActiveCfg = Release|Any CPU
		{9D038894-AB36-4A0B-9A33-567A95F51286}.Release|Any CPU.Build.0 = Release|Any CPU
	EndGlobalSection
	GlobalSection(SolutionProperties) = preSolution
		HideSolutionNode = FALSE
	EndGlobalSection
	GlobalSection(ExtensibilityGlobals) = postSolution
		SolutionGuid = {0DEFA4BF-88D1-45DC-AF02-B0983F707A24}
	EndGlobalSection
EndGlobal
