
Microsoft Visual Studio Solution File, Format Version 12.00
# Visual Studio Version 17
VisualStudioVersion = 17.9.34723.18
MinimumVisualStudioVersion = 10.0.40219.1
Project("{FAE04EC0-301F-11D3-BF4B-00C04F79EFBC}") = "Aritmeticke operacije", "Aritmeticke operacije\Aritmeticke operacije.csproj", "{B0D598CF-53DC-4540-8B8E-328B2A69E726}"
EndProject
Global
	GlobalSection(SolutionConfigurationPlatforms) = preSolution
		Debug|Any CPU = Debug|Any CPU
		Release|Any CPU = Release|Any CPU
	EndGlobalSection
	GlobalSection(ProjectConfigurationPlatforms) = postSolution
		{B0D598CF-53DC-4540-8B8E-328B2A69E726}.Debug|Any CPU.ActiveCfg = Debug|Any CPU
		{B0D598CF-53DC-4540-8B8E-328B2A69E726}.Debug|Any CPU.Build.0 = Debug|Any CPU
		{B0D598CF-53DC-4540-8B8E-328B2A69E726}.Release|Any CPU.ActiveCfg = Release|Any CPU
		{B0D598CF-53DC-4540-8B8E-328B2A69E726}.Release|Any CPU.Build.0 = Release|Any CPU
	EndGlobalSection
	GlobalSection(SolutionProperties) = preSolution
		HideSolutionNode = FALSE
	EndGlobalSection
	GlobalSection(ExtensibilityGlobals) = postSolution
		SolutionGuid = {BD8448AF-4EF8-4880-B09B-E4F531464580}
	EndGlobalSection
EndGlobal
